
Microsoft Visual Studio Solution File, Format Version 12.00
# Visual Studio Version 17
VisualStudioVersion = 17.6.33723.286
MinimumVisualStudioVersion = 10.0.40219.1
Project("{FAE04EC0-301F-11D3-BF4B-00C04F79EFBC}") = "Dalily", "Dalily\Dalily.csproj", "{4F876C04-AF69-4A3B-84CC-37D891FFE9FD}"
EndProject
Global
	GlobalSection(SolutionConfigurationPlatforms) = preSolution
		Debug|Any CPU = Debug|Any CPU
		Release|Any CPU = Release|Any CPU
	EndGlobalSection
	GlobalSection(ProjectConfigurationPlatforms) = postSolution
		{4F876C04-AF69-4A3B-84CC-37D891FFE9FD}.Debug|Any CPU.ActiveCfg = Debug|Any CPU
		{4F876C04-AF69-4A3B-84CC-37D891FFE9FD}.Debug|Any CPU.Build.0 = Debug|Any CPU
		{4F876C04-AF69-4A3B-84CC-37D891FFE9FD}.Release|Any CPU.ActiveCfg = Release|Any CPU
		{4F876C04-AF69-4A3B-84CC-37D891FFE9FD}.Release|Any CPU.Build.0 = Release|Any CPU
	EndGlobalSection
	GlobalSection(SolutionProperties) = preSolution
		HideSolutionNode = FALSE
	EndGlobalSection
	GlobalSection(ExtensibilityGlobals) = postSolution
		SolutionGuid = {2A338494-4B71-4119-B3B3-4A48DA323D4B}
	EndGlobalSection
EndGlobal
